
Microsoft Visual Studio Solution File, Format Version 12.00
# Visual Studio Version 17
VisualStudioVersion = 17.8.34330.188
MinimumVisualStudioVersion = 10.0.40219.1
Project("{9A19103F-16F7-4668-BE54-9A1E7A4F7556}") = "WearHousee", "WearHousee\WearHousee.csproj", "{C12F38BF-AED8-4574-A008-FA9D73BF1DEE}"
EndProject
Global
	GlobalSection(SolutionConfigurationPlatforms) = preSolution
		Debug|Any CPU = Debug|Any CPU
		Release|Any CPU = Release|Any CPU
	EndGlobalSection
	GlobalSection(ProjectConfigurationPlatforms) = postSolution
		{C12F38BF-AED8-4574-A008-FA9D73BF1DEE}.Debug|Any CPU.ActiveCfg = Debug|Any CPU
		{C12F38BF-AED8-4574-A008-FA9D73BF1DEE}.Debug|Any CPU.Build.0 = Debug|Any CPU
		{C12F38BF-AED8-4574-A008-FA9D73BF1DEE}.Release|Any CPU.ActiveCfg = Release|Any CPU
		{C12F38BF-AED8-4574-A008-FA9D73BF1DEE}.Release|Any CPU.Build.0 = Release|Any CPU
	EndGlobalSection
	GlobalSection(SolutionProperties) = preSolution
		HideSolutionNode = FALSE
	EndGlobalSection
	GlobalSection(ExtensibilityGlobals) = postSolution
		SolutionGuid = {657DF021-7D45-441A-A405-B6BC97A300C8}
	EndGlobalSection
EndGlobal
